
Microsoft Visual Studio Solution File, Format Version 12.00
# Visual Studio Version 16
VisualStudioVersion = 16.0.29609.76
MinimumVisualStudioVersion = 10.0.40219.1
Project("{FAE04EC0-301F-11D3-BF4B-00C04F79EFBC}") = "AgentBit.Ccxt", "AgentBit.Ccxt.csproj", "{9DCD93BC-256B-484E-B626-91D78FFFE91C}"
EndProject
Global
	GlobalSection(SolutionConfigurationPlatforms) = preSolution
		Debug|Any CPU = Debug|Any CPU
		Release|Any CPU = Release|Any CPU
	EndGlobalSection
	GlobalSection(ProjectConfigurationPlatforms) = postSolution
		{9DCD93BC-256B-484E-B626-91D78FFFE91C}.Debug|Any CPU.ActiveCfg = Debug|Any CPU
		{9DCD93BC-256B-484E-B626-91D78FFFE91C}.Debug|Any CPU.Build.0 = Debug|Any CPU
		{9DCD93BC-256B-484E-B626-91D78FFFE91C}.Release|Any CPU.ActiveCfg = Release|Any CPU
		{9DCD93BC-256B-484E-B626-91D78FFFE91C}.Release|Any CPU.Build.0 = Release|Any CPU
	EndGlobalSection
	GlobalSection(SolutionProperties) = preSolution
		HideSolutionNode = FALSE
	EndGlobalSection
	GlobalSection(ExtensibilityGlobals) = postSolution
		SolutionGuid = {1D4A0326-699D-444C-BC37-77D4183F4FA6}
	EndGlobalSection
EndGlobal
